# This is an Anaconda project lock file.
# The lock file locks down exact versions of all your dependencies.
#
# In most cases, this file is automatically maintained by the `anaconda-project` command or GUI tools.
# It's best to keep this file in revision control (such as git or svn).
# The file is in YAML format, please see http://www.yaml.org/start.html for more.
#

#
# Set to false to ignore locked versions.
locking_enabled: true



#
# A key goes in here for each env spec.
#
env_specs:
  default:
    locked: true
    env_spec_hash: d79ec7507362f0c1fdaa85ded1db2c64636294b6
    platforms:
    - linux-64
    - osx-64
    - win-64
    packages:
      all:
      - backports=1.0=py27_0
      - backports_abc=0.5=py27_0
      - bleach=1.5.0=py27_0
      - bokeh=0.12.5=py27_0
      - configparser=3.5.0=py27_0
      - decorator=4.0.11=py27_0
      - entrypoints=0.2.2=py27_1
      - enum34=1.1.6=py27_0
      - functools32=3.2.3.2=py27_0
      - futures=3.0.5=py27_0
      - get_terminal_size=1.0.0=py27_0
      - html5lib=0.999=py27_0
      - ipykernel=4.6.1=py27_0
      - ipython=5.3.0=py27_0
      - ipython_genutils=0.2.0=py27_0
      - jinja2=2.9.6=py27_0
      - jsonschema=2.6.0=py27_0
      - jupyter_client=5.0.1=py27_0
      - jupyter_core=4.3.0=py27_0
      - markupsafe=0.23=py27_2
      - mistune=0.7.4=py27_0
      - mkl=2017.0.1=0
      - nbconvert=5.1.1=py27_0
      - nbformat=4.3.0=py27_0
      - notebook=4.4.1=py27_0
      - numpy=1.12.1=py27_0
      - pandas=0.20.1=np112py27_0
      - pandocfilters=1.4.1=py27_0
      - path.py=10.3.1=py27_0
      - pathlib2=2.2.1=py27_0
      - pickleshare=0.7.4=py27_0
      - pip=9.0.1=py27_1
      - prompt_toolkit=1.0.14=py27_0
      - pygments=2.2.0=py27_0
      - python-dateutil=2.6.0=py27_0
      - pytz=2017.2=py27_0
      - pyyaml=3.12=py27_0
      - pyzmq=16.0.2=py27_0
      - requests=2.14.2=py27_0
      - scandir=1.5=py27_0
      - simplegeneric=0.8.1=py27_1
      - singledispatch=3.4.0.3=py27_0
      - six=1.10.0=py27_0
      - ssl_match_hostname=3.4.0.2=py27_1
      - testpath=0.3=py27_0
      - tornado=4.4.2=py27_0
      - traitlets=4.3.2=py27_0
      - wcwidth=0.1.7=py27_0
      - wheel=0.29.0=py27_0
      unix:
      - openssl=1.0.2k=2
      - pexpect=4.2.1=py27_0
      - ptyprocess=0.5.1=py27_0
      - python=2.7.13=0
      - readline=6.2=2
      - setuptools=27.2.0=py27_0
      - sqlite=3.13.0=0
      - terminado=0.6=py27_0
      - tk=8.5.18=0
      - yaml=0.1.6=0
      - zlib=1.2.8=3
      linux-64:
      - libsodium=1.0.10=0
      - zeromq=4.1.5=0
      osx-64:
      - appnope=0.1.0=py27_0
      win-64:
      - colorama=0.3.7=py27_0
      - python=2.7.13=1
      - setuptools=27.2.0=py27_1
      - vs2008_runtime=9.00.30729.5054=0
      - win_unicode_console=0.5=py27_0
